
Microsoft Visual Studio Solution File, Format Version 12.00
# Visual Studio Version 16
VisualStudioVersion = 16.0.29324.140
MinimumVisualStudioVersion = 10.0.40219.1
Project("{9A19103F-16F7-4668-BE54-9A1E7A4F7556}") = "CopaMundoFilmes.API", "src\CopaMundoFilmes.API\CopaMundoFilmes.API.csproj", "{8E1C086D-BE09-4E16-80D9-2A718F0D011F}"
EndProject
Project("{2150E333-8FDC-42A3-9474-1A3956D46DE8}") = "1 - API", "1 - API", "{694551D2-8CCF-445C-962F-EA94BE6CF5D0}"
EndProject
Project("{2150E333-8FDC-42A3-9474-1A3956D46DE8}") = "2 - Domain", "2 - Domain", "{0CDE4DF1-E3C1-4AAE-A4EA-CF7BFFFA49B6}"
EndProject
Project("{2150E333-8FDC-42A3-9474-1A3956D46DE8}") = "3 - Tests", "3 - Tests", "{4E785EE8-275E-4EE9-AE6C-F74A9A8D8DFF}"
EndProject
Project("{9A19103F-16F7-4668-BE54-9A1E7A4F7556}") = "CopaMundoFilmes.Domain", "src\CopaMundoFilmes.Domain\CopaMundoFilmes.Domain.csproj", "{A26C3D9D-8819-42AA-843B-8858C2B07C36}"
EndProject
Project("{9A19103F-16F7-4668-BE54-9A1E7A4F7556}") = "CopaMundoFilmes.Tests", "test\CopaMundoFilmes.Tests\CopaMundoFilmes.Tests.csproj", "{8F50A3FC-E35C-4EA8-95AC-FA9F6AD01723}"
EndProject
Global
	GlobalSection(SolutionConfigurationPlatforms) = preSolution
		Debug|Any CPU = Debug|Any CPU
		Release|Any CPU = Release|Any CPU
	EndGlobalSection
	GlobalSection(ProjectConfigurationPlatforms) = postSolution
		{8E1C086D-BE09-4E16-80D9-2A718F0D011F}.Debug|Any CPU.ActiveCfg = Debug|Any CPU
		{8E1C086D-BE09-4E16-80D9-2A718F0D011F}.Debug|Any CPU.Build.0 = Debug|Any CPU
		{8E1C086D-BE09-4E16-80D9-2A718F0D011F}.Release|Any CPU.ActiveCfg = Release|Any CPU
		{8E1C086D-BE09-4E16-80D9-2A718F0D011F}.Release|Any CPU.Build.0 = Release|Any CPU
		{A26C3D9D-8819-42AA-843B-8858C2B07C36}.Debug|Any CPU.ActiveCfg = Debug|Any CPU
		{A26C3D9D-8819-42AA-843B-8858C2B07C36}.Debug|Any CPU.Build.0 = Debug|Any CPU
		{A26C3D9D-8819-42AA-843B-8858C2B07C36}.Release|Any CPU.ActiveCfg = Release|Any CPU
		{A26C3D9D-8819-42AA-843B-8858C2B07C36}.Release|Any CPU.Build.0 = Release|Any CPU
		{8F50A3FC-E35C-4EA8-95AC-FA9F6AD01723}.Debug|Any CPU.ActiveCfg = Debug|Any CPU
		{8F50A3FC-E35C-4EA8-95AC-FA9F6AD01723}.Debug|Any CPU.Build.0 = Debug|Any CPU
		{8F50A3FC-E35C-4EA8-95AC-FA9F6AD01723}.Release|Any CPU.ActiveCfg = Release|Any CPU
		{8F50A3FC-E35C-4EA8-95AC-FA9F6AD01723}.Release|Any CPU.Build.0 = Release|Any CPU
	EndGlobalSection
	GlobalSection(SolutionProperties) = preSolution
		HideSolutionNode = FALSE
	EndGlobalSection
	GlobalSection(NestedProjects) = preSolution
		{8E1C086D-BE09-4E16-80D9-2A718F0D011F} = {694551D2-8CCF-445C-962F-EA94BE6CF5D0}
		{A26C3D9D-8819-42AA-843B-8858C2B07C36} = {0CDE4DF1-E3C1-4AAE-A4EA-CF7BFFFA49B6}
		{8F50A3FC-E35C-4EA8-95AC-FA9F6AD01723} = {4E785EE8-275E-4EE9-AE6C-F74A9A8D8DFF}
	EndGlobalSection
	GlobalSection(ExtensibilityGlobals) = postSolution
		SolutionGuid = {F3609B65-045E-41CA-9B30-42742E101168}
	EndGlobalSection
EndGlobal
